github.com/nginxinc/nginx-hugo-theme v0.43.4 h1:fnUGTcpR/pwwgBIy2dv0fOkeT++cqv1T6G1LKqQRAFg=
github.com/nginxinc/nginx-hugo-theme v0.43.4/go.mod h1:DPNgSS5QYxkjH/BfH4uPDiTfODqWJ50NKZdorguom8M=
github.com/nginxinc/nginx-hugo-theme v0.43.5 h1:OCsB4Y5mWN0fDzev+rie62zVXciR89vgsQ5Ss8mxUn8=
github.com/nginxinc/nginx-hugo-theme v0.43.5/go.mod h1:DPNgSS5QYxkjH/BfH4uPDiTfODqWJ50NKZdorguom8M=
